cloud.google.com/go v0.110.6 h1:8uYAkj3YHTP/1iwReuHPxLSbdcyc+dSBbzFMrVwDR6Q=
cloud.google.com/go/compute v1.23.0 h1:tP41Zoavr8ptEqaW6j+LQOnyBBhO7OkOMAGrgLopTwY=
cloud.google.com/go/compute/metadata v0.2.3 h1:mg4jlk7mCAj6xXp9UJ4fjI9VUI5rubuGBW5aJ7UnBMY=
cloud.google.com/go/iam v1.1.1 h1:lW7fzj15aVIXYHREOqjRBV9PsH0Z6u8Y46a1YGvQP4Y=
cloud.google.com/go/storage v1.30.1 h1:uOdMxAs8HExqBlnLtnQyP0YkvbiDpdGShGKtx6U/oNM=
github.com/99designs/gqlgen v0.17.38 h1:3r7G7i8UAdY0iYreNiBAA55auVsrowO0+ZhMl5g4GYU=
github.com/AdaLogics/go-fuzz-headers v0.0.0-20230811130428-ced1acdcaa24 h1:bvDV9vkmnHYOMsOr4WLk+Vo07yKIzd94sVoIqshQ4bU=
github.com/AdamKorcz/go-118-fuzz-build v0.0.0-20230306123547-8075edf89bb0 h1:59MxjQVfjXsBpLy+dbd2/ELV5ofnUkUZBvWSC85sheA=
github.com/Azure/azure-sdk-for-go v68.0.0+incompatible h1:fcYLmCpyNYRnvJbPerq7U0hS+6+I79yEDJBqVNcqUzU=
github.com/Azure/azure-sdk-for-go/sdk/azcore v1.7.1 h1:/iHxaJhsFr0+xVFfbMr5vxz848jyiWuIEDhYq3y5odY=
github.com/Azure/azure-sdk-for-go/sdk/azidentity v1.3.1 h1:LNHhpdK7hzUcx/k1LIcuh5k7k1LGIWLQfCjaneSj7Fc=
github.com/Azure/azure-sdk-for-go/sdk/internal v1.3.0 h1:sXr+ck84g/ZlZUOZiNELInmMgOsuGwdjjVkEIde0OtY=
github.com/Azure/go-ansiterm v0.0.0-20230124172434-306776ec8161 h1:L/gRVlceqvL25UVaW/CKtUDjefjrs0SPonmDGUVOYP0=
github.com/Azure/go-autorest v14.2.0+incompatible h1:V5VMDjClD3GiElqLWO7mz2MxNAK/vTfRHdAubSIPRgs=
github.com/Azure/go-autorest/autorest v0.11.29 h1:I4+HL/JDvErx2LjyzaVxllw2lRDB5/BT2Bm4g20iqYw=
github.com/Azure/go-autorest/autorest/adal v0.9.23 h1:Yepx8CvFxwNKpH6ja7RZ+sKX+DWYNldbLiALMC3BTz8=
github.com/Azure/go-autorest/autorest/date v0.3.0 h1:7gUk1U5M/CQbp9WoqinNzJar+8KY+LPI6wiWrP/myHw=
github.com/Azure/go-autorest/logger v0.2.1 h1:IG7i4p/mDa2Ce4TRyAO8IHnVhAVF3RFU+ZtXWSmf4Tg=
github.com/Azure/go-autorest/tracing v0.6.0 h1:TYi4+3m5t6K48TGI9AUdb+IzbnSxvnvUMfuitfgcfuo=
github.com/Azure/go-ntlmssp v0.0.0-20221128193559-754e69321358 h1:mFRzDkZVAjdal+s7s0MwaRv9igoPqLRdzOLzw/8Xvq8=
github.com/AzureAD/microsoft-authentication-library-for-go v1.1.1 h1:WpB/QDNLpMw72xHJc34BNNykqSOeEJDAWkhf0u12/Jk=
github.com/BurntSushi/toml v1.3.2 h1:o7IhLm0Msx3BaB+n3Ag7L8EVlByGnpq14C4YWiu/gL8=
github.com/CycloneDX/cyclonedx-go v0.7.2 h1:kKQ0t1dPOlugSIYVOMiMtFqeXI2wp/f5DBIdfux8gnQ=
github.com/GoogleCloudPlatform/docker-credential-gcr v2.0.5+incompatible h1:juIaKLLVhqzP55d8x4cSVgwyQv76Z55/fRv/UBr2KkQ=
github.com/KyleBanks/depth v1.2.1 h1:5h8fQADFrWtarTdtDudMmGsC7GPbOAu6RVB3ffsVFHc=
github.com/MakeNowJust/heredoc v1.0.0 h1:cXCdzVdstXyiTqTvfqk9SDHpKNjxuom+DOlyEeQ4pzQ=
github.com/Masterminds/goutils v1.1.1 h1:5nUrii3FMTL5diU80unEVvNevw1nH4+ZV4DSLVJLSYI=
github.com/Masterminds/semver v1.5.0 h1:H65muMkzWKEuNDnfl9d70GUjFniHKHRbFPGBuZ3QEww=
github.com/Masterminds/semver/v3 v3.2.1 h1:RN9w6+7QoMeJVGyfmbcgs28Br8cvmnucEXnY0rYXWg0=
github.com/Masterminds/sprig/v3 v3.2.3 h1:eL2fZNezLomi0uOLqjQoN6BfsDD+fyLtgbJMAj9n6YA=
github.com/Masterminds/squirrel v1.5.4 h1:uUcX/aBc8O7Fg9kaISIUsHXdKuqehiXAMQTYX8afzqM=
github.com/Microsoft/go-winio v0.6.1 h1:9/kr64B9VUZrLm5YYwbGtUJnMgqWVOdUAXu6Migciow=
github.com/Microsoft/hcsshim v0.12.0-rc.0 h1:wX/F5huJxH9APBkhKSEAqaiZsuBvbbDnyBROZAqsSaY=
github.com/OneOfOne/xxhash v1.2.8 h1:31czK/TI9sNkxIKfaUfGlU47BAxQ0ztGgd9vPyqimf8=
github.com/ProtonMail/go-crypto v0.0.0-20230518184743-7afd39499903 h1:ZK3C5DtzV2nVAQTx5S5jQvMeDqWtD1By5mOoyY/xJek=
github.com/ThalesIgnite/crypto11 v1.2.5 h1:1IiIIEqYmBvUYFeMnHqRft4bwf/O36jryEUpY+9ef8E=
github.com/VividCortex/ewma v1.2.0 h1:f58SaIzcDXrSy3kWaHNvuJgJ3Nmz59Zji6XoJR/q1ow=
github.com/acarl005/stripansi v0.0.0-20180116102854-5a71ef0e047d h1:licZJFw2RwpHMqeKTCYkitsPqHNxTmd4SNR5r94FGM8=
github.com/acomagu/bufpipe v1.0.4 h1:e3H4WUzM3npvo5uv95QuJM3cQspFNtFBzvJ2oNjKIDQ=
github.com/agext/levenshtein v1.2.3 h1:YB2fHEn0UJagG8T1rrWknE3ZQzWM06O8AMAatNn7lmo=
github.com/agnivade/levenshtein v1.1.1 h1:QY8M92nrzkmr798gCo3kmMyqXFzdQVpxLlGPRBij0P8=
github.com/alecthomas/chroma v0.10.0 h1:7XDcGkCQopCNKjZHfYrNLraA+M7e0fMiJ/Mfikbfjek=
github.com/anchore/go-struct-converter v0.0.0-20221118182256-c68fdcfa2092 h1:aM1rlcoLz8y5B2r4tTLMiVTrMtpfY0O8EScKJxaSaEc=
github.com/apparentlymart/go-cidr v1.1.0 h1:2mAhrMoF+nhXqxTzSZMUzDHkLjmIHC+Zzn4tdgBZjnU=
github.com/apparentlymart/go-textseg/v13 v13.0.0 h1:Y+KvPE1NYz0xl601PVImeQfFyEy6iT90AvPUL1NNfNw=
github.com/aquasecurity/defsec v0.92.0 h1:cls2JJSQ+vb06Qh2XjnODIRfZbrTGBkBQnjgC6R5+vA=
github.com/aquasecurity/go-dep-parser v0.0.0-20230830122616-841bc0f812c7 h1:FSfz2vfnL3EvTh04zDx4SYxKmgDbYSr8td6R8XbtbB8=
github.com/aquasecurity/go-gem-version v0.0.0-20201115065557-8eed6fe000ce h1:QgBRgJvtEOBtUXilDb1MLi1p1MWoyFDXAu5DEUl5nwM=
github.com/aquasecurity/go-npm-version v0.0.0-20201110091526-0b796d180798 h1:eveqE9ivrt30CJ7dOajOfBavhZ4zPqHcZe/4tKp0alc=
github.com/aquasecurity/go-pep440-version v0.0.0-20210121094942-22b2f8951d46 h1:vmXNl+HDfqqXgr0uY1UgK1GAhps8nbAAtqHNBcgyf+4=
github.com/aquasecurity/go-version v0.0.0-20210121072130-637058cfe492 h1:rcEG5HI490FF0a7zuvxOxen52ddygCfNVjP0XOCMl+M=
github.com/aquasecurity/table v1.8.0 h1:9ntpSwrUfjrM6/YviArlx/ZBGd6ix8W+MtojQcM7tv0=
github.com/aquasecurity/tml v0.6.1 h1:y2ZlGSfrhnn7t4ZJ/0rotuH+v5Jgv6BDDO5jB6A9gwo=
github.com/aquasecurity/trivy v0.45.1 h1:JjkrawgNpVUV6mxtFX635I3MhzDqmGkze46SnygkYN0=
github.com/aquasecurity/trivy-db v0.0.0-20230831170347-f732860d4917 h1:MQd7h7yUyA8UlUzhjNMzpUX0NpD7jfxmRfSKwp/Ji3E=
github.com/aquasecurity/trivy-java-db v0.0.0-20230209231723-7cddb1406728 h1:0eS+V7SXHgqoT99tV1mtMW6HL4HdoB9qGLMCb1fZp8A=
github.com/asaskevich/govalidator v0.0.0-20230301143203-a9d515a09cc2 h1:DklsrG3dyBCFEj5IhUbnKptjxatkF07cF2ak3yi77so=
github.com/aws/aws-sdk-go v1.45.22 h1:yq86HCbyWIn2A6Ayoa61WCf7jkMmsESXUB9+QrbxK50=
github.com/aws/aws-sdk-go-v2 v1.21.0 h1:gMT0IW+03wtYJhRqTVYn0wLzwdnK9sRMcxmtfGzRdJc=
github.com/aws/aws-sdk-go-v2/config v1.18.43 h1:IgdUtTRvUDC6eiJBqU6vh7bHFNAEBjQ8S+qJ7zVhDOs=
github.com/aws/aws-sdk-go-v2/credentials v1.13.41 h1:dgbKq1tamtboYAKSXWbqL0lKO9rmEzEhbZFh9JQW/Bg=
github.com/aws/aws-sdk-go-v2/feature/dynamodb/attributevalue v1.10.39 h1:DX/r3aNL7pIVn0K5a+ESL0Fw9ti7Rj05pblEiIJtPmQ=
github.com/aws/aws-sdk-go-v2/feature/ec2/imds v1.13.11 h1:uDZJF1hu0EVT/4bogChk8DyjSF6fof6uL/0Y26Ma7Fg=
github.com/aws/aws-sdk-go-v2/internal/configsources v1.1.41 h1:22dGT7PneFMx4+b3pz7lMTRyN8ZKH7M2cW4GP9yUS2g=
github.com/aws/aws-sdk-go-v2/internal/endpoints/v2 v2.4.35 h1:SijA0mgjV8E+8G45ltVHs0fvKpTj8xmZJ3VwhGKtUSI=
github.com/aws/aws-sdk-go-v2/internal/ini v1.3.43 h1:g+qlObJH4Kn4n21g69DjspU0hKTjWtq7naZ9OLCv0ew=
github.com/aws/aws-sdk-go-v2/service/dynamodb v1.22.0 h1:kjsywH3KdJnqo6XgHGE8eCoeZ9GsnVIUBILY93YjzKg=
github.com/aws/aws-sdk-go-v2/service/dynamodbstreams v1.15.5 h1:xoalM/e1YsT6jkLKl6KA9HUiJANwn2ypJsM9lhW2WP0=
github.com/aws/aws-sdk-go-v2/service/ebs v1.18.1 h1:iUgGXA8fg41B4Of0F+BS766SRQ7c8rr5jtka8RgaocQ=
github.com/aws/aws-sdk-go-v2/service/ec2 v1.98.0 h1:WblDV33AG9dhv0zFEPEmGtD5UECSNpKMxtdENULfR8M=
github.com/aws/aws-sdk-go-v2/service/internal/accept-encoding v1.9.14 h1:m0QTSI6pZYJTk5WSKx3fm5cNW/DCicVzULBgU/6IyD0=
github.com/aws/aws-sdk-go-v2/service/internal/endpoint-discovery v1.7.35 h1:UKjpIDLVF90RfV88XurdduMoTxPqtGHZMIDYZQM7RO4=
github.com/aws/aws-sdk-go-v2/service/internal/presigned-url v1.9.35 h1:CdzPW9kKitgIiLV1+MHobfR5Xg25iYnyzWZhyQuSlDI=
github.com/aws/aws-sdk-go-v2/service/secretsmanager v1.21.3 h1:H6ZipEknzu7RkJW3w2PP75zd8XOdR35AEY5D57YrJtA=
github.com/aws/aws-sdk-go-v2/service/sso v1.15.0 h1:vuGK1vHNP9zx0PfOrtPumbwR2af0ATQ1Z2H6p75AgRQ=
github.com/aws/aws-sdk-go-v2/service/ssooidc v1.17.1 h1:8lKOidPkmSmfUtiTgtdXWgaKItCZ/g75/jEk6Ql6GsA=
github.com/aws/aws-sdk-go-v2/service/sts v1.23.0 h1:pyvfUqkNLMipdKNAtu7OVbRxUrR2BMaKccIPpk/Hkak=
github.com/aws/aws-secretsmanager-caching-go v1.1.2 h1:tY3pRhAkaohm75KFpGHoqjWrnRpznqrc8iX/wTLVpH0=
github.com/aws/smithy-go v1.14.2 h1:MJU9hqBGbvWZdApzpvoF2WAIJDbtjK2NDJSiJP7HblQ=
github.com/beorn7/perks v1.0.1 h1:VlbKKnNfV8bJzeqoa4cOKqO6bYr3WgKZxO8Z16+hsOM=
github.com/bgentry/go-netrc v0.0.0-20140422174119-9fd32a8b3d3d h1:xDfNPAt8lFiC1UJrqV3uuy861HCTo708pDMbjHHdCas=
github.com/blang/semver v3.5.1+incompatible h1:cQNTCjp13qL8KC3Nbxr/y2Bqb63oX6wdnnjpJbkM4JQ=
github.com/bmatcuk/doublestar/v4 v4.6.0 h1:HTuxyug8GyFbRkrffIpzNCSK4luc0TY3wzXvzIZhEXc=
github.com/briandowns/spinner v1.23.0 h1:alDF2guRWqa/FOZZYWjlMIx2L6H0wyewPxo/CH4Pt2A=
github.com/cenkalti/backoff v2.2.1+incompatible h1:tNowT99t7UNflLxfYYSlKYsBpXdEet03Pg2g16Swow4=
github.com/cespare/xxhash/v2 v2.2.0 h1:DC2CZ1Ep5Y4k3ZQ899DldepgrayRUGE6BBZ/cd9Cj44=
github.com/chai2010/gettext-go v1.0.2 h1:1Lwwip6Q2QGsAdl/ZKPCwTe9fe0CjlUbqj5bFNSjIRk=
github.com/chartmuseum/auth v0.5.0 h1:ENNmoxvjxcR/JR0HrghAEtGQe7hToMNj16+UoS5CK9Y=
github.com/cheggaaa/pb/v3 v3.1.4 h1:DN8j4TVVdKu3WxVwcRKu0sG00IIU6FewoABZzXbRQeo=
github.com/cloudflare/circl v1.3.3 h1:fE/Qz0QdIGqeWfnwq0RE0R7MI51s0M2E4Ga9kq5AEMs=
github.com/containerd/cgroups/v3 v3.0.2 h1:f5WFqIVSgo5IZmtTT3qVBo6TzI1ON6sycSBKkymb9L0=
github.com/containerd/containerd v1.7.6 h1:oNAVsnhPoy4BTPQivLgTzI9Oleml9l/+eYIDYXRCYo8=
github.com/containerd/continuity v0.4.2 h1:v3y/4Yz5jwnvqPKJJ+7Wf93fyWoCB3F5EclWG023MDM=
github.com/containerd/fifo v1.1.0 h1:4I2mbh5stb1u6ycIABlBw9zgtlK8viPI9QkQNRQEEmY=
github.com/containerd/stargz-snapshotter/estargz v0.14.3 h1:OqlDCK3ZVUO6C3B/5FSkDwbkEETK84kQgEeFwDC+62k=
github.com/containerd/ttrpc v1.2.2 h1:9vqZr0pxwOF5koz6N0N3kJ0zDHokrcPxIR/ZR2YFtOs=
github.com/containerd/typeurl v1.0.2 h1:Chlt8zIieDbzQFzXzAeBEF92KhExuE4p9p92/QmY7aY=
github.com/containerd/typeurl/v2 v2.1.1 h1:3Q4Pt7i8nYwy2KmQWIw2+1hTvwTE/6w9FqcttATPO/4=
github.com/containers/common v0.56.0 h1:hysHUsEai1EkMXanU26UV55wMXns/a6AYmaFqJ4fEMY=
github.com/containers/image/v5 v5.28.0 h1:H4cWbdI88UA/mDb6SxMo3IxpmS1BSs/Kifvhwt9g048=
github.com/containers/libtrust v0.0.0-20230121012942-c1716e8a8d01 h1:Qzk5C6cYglewc+UyGf6lc8Mj2UaPTHy/iF2De0/77CA=
github.com/containers/ocicrypt v1.1.8 h1:saSBF0/8DyPUjzcxMVzL2OBUWCkvRvqIm75pu0ADSZk=
github.com/containers/storage v1.50.2 h1:Fys4BjFUVNRBEXlO70hFI48VW4EXsgnGisTpk9tTMsE=
github.com/coreos/go-systemd/v22 v22.5.0/go.mod h1:Y58oyj3AT4RCenI/lSvhwexgC+NSVTIJ3seZv2GcEnc=
github.com/cyberphone/json-canonicalization v0.0.0-20230710064741-aa7fe85c7dbd h1:0av0vtcjA8Hqv5gyWj79CLCFVwOOyBNWPjrfUWceMNg=
github.com/cyphar/filepath-securejoin v0.2.4 h1:Ugdm7cg7i6ZK6x3xDF1oEu1nfkyfH53EtKeQYTC3kyg=
github.com/davecgh/go-spew v1.1.0/go.mod h1:J7Y8YcW2NihsgmVo/mv3lAwl/skON4iLHjSsI+c5H38=
github.com/davecgh/go-spew v1.1.1 h1:vj9j/u1bqnvCEfJOwUhtlOARqs3+rkHYY13jYWTU97c=
github.com/davecgh/go-spew v1.1.1/go.mod h1:J7Y8YcW2NihsgmVo/mv3lAwl/skON4iLHjSsI+c5H38=
github.com/dgryski/go-rendezvous v0.0.0-20200823014737-9f7001d12a5f h1:lO4WD4F/rVNCu3HqELle0jiPLLBs70cWOduZpkS1E78=
github.com/didip/tollbooth/v6 v6.1.2 h1:Kdqxmqw9YTv0uKajBUiWQg+GURL/k4vy9gmLCL01PjQ=
github.com/digitorus/pkcs7 v0.0.0-20230818184609-3a137a874352 h1:ge14PCmCvPjpMQMIAH7uKg0lrtNSOdpYsRXlwk3QbaE=
github.com/digitorus/timestamp v0.0.0-20230821155606-d1ad5ca9624c h1:kgG83Hfj3YXkUbrihwBxDc0COzP1ZejiDSr4/fItT0E=
github.com/distribution/reference v0.5.0 h1:/FUIFXtfc/x2gpa5/VGfiGLuOIdYa1t65IKK2OFGvA0=
github.com/dlclark/regexp2 v1.4.0 h1:F1rxgk7p4uKjwIQxBs9oAXe5CqrXlCduYEJvrF4u93E=
github.com/docker/cli v24.0.5+incompatible h1:WeBimjvS0eKdH4Ygx+ihVq1Q++xg36M/rMi4aXAvodc=
github.com/docker/distribution v2.8.3+incompatible h1:AtKxIZ36LoNK51+Z6RpzLpddBirtxJnzDrHLEKxTAYk=
github.com/docker/distribution v2.8.3+incompatible/go.mod h1:J2gT2udsDAN96Uj4KfcMRqY0/ypR+oyYUYmja8H+y+w=
github.com/docker/docker v24.0.6+incompatible h1:hceabKCtUgDqPu+qm0NgsaXf28Ljf4/pWFL7xjWWDgE=
github.com/docker/docker-credential-helpers v0.8.0 h1:YQFtbBQb4VrpoPxhFuzEBPQ9E16qz5SpHLS+uswaCp8=
github.com/docker/go-connections v0.4.0 h1:El9xVISelRB7BuFusrZozjnkIM5YnzCViNKohAFqRJQ=
github.com/docker/go-events v0.0.0-20190806004212-e31b211e4f1c h1:+pKlWGMw7gf6bQ+oDZB4KHQFypsfjYlq/C4rfL7D3g8=
github.com/docker/go-metrics v0.0.1 h1:AgB/0SvBxihN0X8OR4SjsblXkbMvalQ8cjmtKQ2rQV8=
github.com/docker/go-units v0.5.0 h1:69rxXcBk27SvSaaxTtLh/8llcHD8vYHT7WSdRZ/jvr4=
github.com/dustin/go-humanize v1.0.1 h1:GzkhY7T5VNhEkwH0PVJgjz+fX1rhBrR7pRT3mDkpeCY=
github.com/emicklei/go-restful/v3 v3.10.2 h1:hIovbnmBTLjHXkqEBUz3HGpXZdM7ZrE9fJIZIqlJLqE=
github.com/emirpasic/gods v1.18.1 h1:FXtiHYKDGKCW2KzwZKx0iC0PQmdlorYgdFG9jPXJ1Bc=
github.com/evanphx/json-patch v5.6.0+incompatible h1:jBYDEEiFBPxA0v50tFdvOzQQTCvpL6mnFh5mB2/l16U=
github.com/exponent-io/jsonpath v0.0.0-20151013193312-d6023ce2651d h1:105gxyaGwCFad8crR9dcMQWvV9Hvulu6hwUh4tWPJnM=
github.com/fatih/color v1.15.0 h1:kOqh6YHBtK8aywxGerMG2Eq3H6Qgoqeo13Bk2Mv/nBs=
github.com/felixge/httpsnoop v1.0.3 h1:s/nj+GCswXYzN5v2DpNMuMQYe+0DDwt5WVCU6CWBdXk=
github.com/fsnotify/fsnotify v1.6.0 h1:n+5WquG0fcWoWp6xPWfHdbskMCQaFnG6PfBrh1Ky4HY=
github.com/gabriel-vasile/mimetype v1.4.2 h1:w5qFW6JKBz9Y393Y4q372O9A7cUSequkh1Q7OhCmWKU=
github.com/ghodss/yaml v1.0.0 h1:wQHKEahhL6wmXdzwWG11gIVCkOv05bNOh+Rxn0yngAk=
github.com/go-asn1-ber/asn1-ber v1.5.5 h1:MNHlNMBDgEKD4TcKr36vQN68BA00aDfjIt3/bD50WnA=
github.com/go-chi/chi v4.1.2+incompatible h1:fGFk2Gmi/YKXk0OmGfBh0WgmN3XB8lVnEyNz34tQRec=
github.com/go-errors/errors v1.4.2 h1:J6MZopCL4uSllY1OfXM374weqZFFItUbrImctkmUxIA=
github.com/go-git/gcfg v1.5.1-0.20230307220236-3a3c6141e376 h1:+zs/tPmkDkHx3U66DAb0lQFJrpS6731Oaa12ikc+DiI=
github.com/go-git/go-billy/v5 v5.4.1 h1:Uwp5tDRkPr+l/TnbHOQzp+tmJfLceOlbVucgpTz8ix4=
github.com/go-git/go-git/v5 v5.7.0 h1:t9AudWVLmqzlo+4bqdf7GY+46SUuRsx59SboFxkq2aE=
github.com/go-gorp/gorp/v3 v3.0.5 h1:PUjzYdYu3HBOh8LE+UUmRG2P0IRDak9XMeGNvaeq4Ow=
github.com/go-ini/ini v1.67.0 h1:z6ZrTEZqSWOTyH2FlglNbNgARyHG8oLW9gMELqKr06A=
github.com/go-jose/go-jose/v3 v3.0.0 h1:s6rrhirfEP/CGIoc6p+PZAeogN2SxKav6Wp7+dyMWVo=
github.com/go-ldap/ldap/v3 v3.4.6 h1:ert95MdbiG7aWo/oPYp9btL3KJlMPKnP58r09rI8T+A=
github.com/go-logr/logr v1.2.4 h1:g01GSCwiDw2xSZfjJ2/T9M+S6pFdcNtFYsp+Y43HYDQ=
github.com/go-logr/stdr v1.2.2 h1:hSWxHoqTgW2S2qGc0LTAI563KZ5YKYRhT3MFKZMbjag=
github.com/go-openapi/analysis v0.21.4 h1:ZDFLvSNxpDaomuCueM0BlSXxpANBlFYiBvr+GXrvIHc=
github.com/go-openapi/errors v0.20.4 h1:unTcVm6PispJsMECE3zWgvG4xTiKda1LIR5rCRWLG6M=
github.com/go-openapi/jsonpointer v0.19.6 h1:eCs3fxoIi3Wh6vtgmLTOjdhSpiqphQ+DaPn38N2ZdrE=
github.com/go-openapi/jsonreference v0.20.2 h1:3sVjiK66+uXK/6oQ8xgcRKcFgQ5KXa2KvnJRumpMGbE=
github.com/go-openapi/loads v0.21.2 h1:r2a/xFIYeZ4Qd2TnGpWDIQNcP80dIaZgf704za8enro=
github.com/go-openapi/runtime v0.26.0 h1:HYOFtG00FM1UvqrcxbEJg/SwvDRvYLQKGhw2zaQjTcc=
github.com/go-openapi/spec v0.20.9 h1:xnlYNQAwKd2VQRRfwTEI0DcK+2cbuvI/0c7jx3gA8/8=
github.com/go-openapi/strfmt v0.21.7 h1:rspiXgNWgeUzhjo1YU01do6qsahtJNByjLVbPLNHb8k=
github.com/go-openapi/swag v0.22.4 h1:QLMzNJnMGPRNDCbySlcj1x01tzU8/9LTTL9hZZZogBU=
github.com/go-openapi/validate v0.22.1 h1:G+c2ub6q47kfX1sOBLwIQwzBVt8qmOAARyo/9Fqs9NU=
github.com/go-pkgz/expirable-cache v0.0.3 h1:rTh6qNPp78z0bQE6HDhXBHUwqnV9i09Vm6dksJLXQDc=
github.com/go-playground/locales v0.14.1 h1:EWaQ/wswjilfKLTECiXz7Rh+3BjFhfDFKv/oXslEjJA=
github.com/go-playground/universal-translator v0.18.1 h1:Bcnm0ZwsGyWbCzImXv+pAJnYK9S473LQFuzCbDbfSFY=
github.com/go-playground/validator/v10 v10.15.1 h1:BSe8uhN+xQ4r5guV/ywQI4gO59C2raYcGffYWZEjZzM=
github.com/go-redis/redis/v8 v8.11.5 h1:AcZZR7igkdvfVmQTPnu9WE37LRrO/YrBH5zWyjDC0oI=
github.com/gobwas/glob v0.2.3 h1:A4xDbljILXROh+kObIiy5kIaPYD8e96x1tgBhUI5J+Y=
github.com/godbus/dbus/v5 v5.0.4/go.mod h1:xhWf0FNVPg57R7Z0UbKHbJfkEywrmjJnf7w5xrFpKfA=
github.com/gofrs/uuid v4.4.0+incompatible h1:3qXRTX8/NbyulANqlc0lchS1gqAVxRgsuW1YrTJupqA=
github.com/gogo/protobuf v1.3.2 h1:Ov1cvc58UF3b5XjBnZv7+opcTcQFZebYjWzi34vdm4Q=
github.com/golang-jwt/jwt v3.2.2+incompatible h1:IfV12K8xAKAnZqdXVzCZ+TOjboZ2keLg81eXfW3O+oY=
github.com/golang-jwt/jwt/v4 v4.5.0 h1:7cYmW1XlMY7h7ii7UhUyChSgS5wUJEnm9uZVTGqOWzg=
github.com/golang-jwt/jwt/v5 v5.0.0 h1:1n1XNM9hk7O9mnQoNBGolZvzebBQ7p93ULHRc28XJUE=
github.com/golang/groupcache v0.0.0-20210331224755-41bb18bfe9da h1:oI5xCqsCo564l8iNU+DwB5epxmsaqB+rhGL0m5jtYqE=
github.com/golang/protobuf v1.5.3 h1:KhyjKVUg7Usr/dYsdSqoFveMYd5ko72D+zANwlG1mmg=
github.com/golang/snappy v0.0.4 h1:yAGX7huGHXlcLOEtBnF4w7FQwA26wojNCwOYAEhLjQM=
github.com/google/btree v1.1.2 h1:xf4v41cLI2Z6FxbKm+8Bu+m8ifhj15JuZ9sa0jZCMUU=
github.com/google/certificate-transparency-go v1.1.6 h1:SW5K3sr7ptST/pIvNkSVWMiJqemRmkjJPPT0jzXdOOY=
github.com/google/gnostic-models v0.6.8 h1:yo/ABAfM5IMRsS1VnXjTBvUb61tFIHozhlYvRgGre9I=
github.com/google/go-cmp v0.5.9 h1:O2Tfq5qg4qc4AmwVlvv0oLiVAGB7enBSJ2x2DqQFi38=
github.com/google/go-containerregistry v0.16.1 h1:rUEt426sR6nyrL3gt+18ibRcvYpKYdpsa5ZW7MA08dQ=
github.com/google/go-github/v52 v52.0.0 h1:uyGWOY+jMQ8GVGSX8dkSwCzlehU3WfdxQ7GweO/JP7M=
github.com/google/go-github/v53 v53.2.0 h1:wvz3FyF53v4BK+AsnvCmeNhf8AkTaeh2SoYu/XUvTtI=
github.com/google/go-querystring v1.1.0 h1:AnCroh3fv4ZBgVIf1Iwtovgjaw/GiKJo8M8yD/fhyJ8=
github.com/google/gofuzz v1.2.0 h1:xRy4A+RhZaiKjJ1bPfwQ8sedCA+YS2YcCHW6ec7JMi0=
github.com/google/licenseclassifier/v2 v2.0.0 h1:1Y57HHILNf4m0ABuMVb6xk4vAJYEUO0gDxNpog0pyeA=
github.com/google/s2a-go v0.1.5 h1:8IYp3w9nysqv3JH+NJgXJzGbDHzLOTj43BmSkp+O7qg=
github.com/google/shlex v0.0.0-20191202100458-e7afc7fbc510 h1:El6M4kTTCOh6aBiKaUGG7oYTSPP8MxqL4YI3kZKwcP4=
github.com/google/uuid v1.3.1 h1:KjJaJ9iWZ3jOFZIf1Lqf4laDRCasjl0BCmnEGxkdLb4=
github.com/google/wire v0.5.0 h1:I7ELFeVBr3yfPIcc8+MWvrjk+3VjbcSzoXm3JVa+jD8=
github.com/googleapis/enterprise-certificate-proxy v0.2.5 h1:UR4rDjcgpgEnqpIEvkiqTYKBCKLNmlge2eVjoZfySzM=
github.com/googleapis/gax-go/v2 v2.12.0 h1:A+gCJKdRfqXkr+BIRGtZLibNXf0m1f9E4HG56etFpas=
github.com/gopherjs/gopherjs v1.17.2 h1:fQnZVsXk8uxXIStYb0N4bGk7jeyTalG/wsZjQ25dO0g=
github.com/gorilla/handlers v1.5.1 h1:9lRY6j8DEeeBT10CvO9hGW0gmky0BprnvDI5vfhUHH4=
github.com/gorilla/mux v1.8.0 h1:i40aqfkR1h2SlN9hojwV5ZA91wcXFOvkdNIeFDP5koI=
github.com/gorilla/schema v1.2.0 h1:YufUaxZYCKGFuAq3c96BOhjgd5nmXiOY9NGzF247Tsc=
github.com/gorilla/securecookie v1.1.1 h1:miw7JPhV+b/lAHSXz4qd/nN9jRiAFV5FwjeKyCS8BvQ=
github.com/gorilla/sessions v1.2.1 h1:DHd3rPN5lE3Ts3D8rKkQ8x/0kqfeNmBAaiSi+o7FsgI=
github.com/gorilla/websocket v1.5.0 h1:PPwGk2jz7EePpoHN/+ClbZu8SPxiqlu12wZP/3sWmnc=
github.com/gosuri/uitable v0.0.4 h1:IG2xLKRvErL3uhY6e1BylFzG+aJiwQviDDTfOKeKTpY=
github.com/gregjones/httpcache v0.0.0-20180305231024-9cad4c3443a7 h1:pdN6V1QBWetyv/0+wjACpqVH+eVULgEjkurDLq3goeM=
github.com/hashicorp/errwrap v1.1.0 h1:OxrOeh75EUXMY8TBjag2fzXGZ40LB6IKw45YeGUDY2I=
github.com/hashicorp/go-cleanhttp v0.5.2 h1:035FKYIWjmULyFRBKPs8TBQoi0x6d9G4xc9neXJWAZQ=
github.com/hashicorp/go-getter v1.7.1 h1:SWiSWN/42qdpR0MdhaOc/bLR48PLuP1ZQtYLRlM69uY=
github.com/hashicorp/go-multierror v1.1.1 h1:H5DkEtf6CXdFp0N0Em5UCwQpXMWke8IA0+lD48awMYo=
github.com/hashicorp/go-retryablehttp v0.7.4 h1:ZQgVdpTdAL7WpMIwLzCfbalOcSUdkDZnpUv3/+BxzFA=
github.com/hashicorp/go-safetemp v1.0.0 h1:2HR189eFNrjHQyENnQMMpCiBAsRxzbTMIgBhEyExpmo=
github.com/hashicorp/go-uuid v1.0.3 h1:2gKiV6YVmrJ1i2CKKa9obLvRieoRGviZFL26PcT/Co8=
github.com/hashicorp/go-version v1.6.0 h1:feTTfFNnjP967rlCxM/I9g701jU+RN74YKx2mOkIeek=
github.com/hashicorp/golang-lru/v2 v2.0.7 h1:a+bsQ5rvGLjzHuww6tVxozPZFVghXaHOwFs4luLUK2k=
github.com/hashicorp/hcl v1.0.0 h1:0Anlzjpi4vEasTeNFn2mLJgTSwt0+6sfsiTG8qcWGx4=
github.com/hashicorp/hcl/v2 v2.17.0 h1:z1XvSUyXd1HP10U4lrLg5e0JMVz6CPaJvAgxM0KNZVY=
github.com/huandu/xstrings v1.4.0 h1:D17IlohoQq4UcpqD7fDk80P7l+lwAmlFaBHgOipl2FU=
github.com/imdario/mergo v0.3.15 h1:M8XP7IuFNsqUx6VPK2P9OSmsYsI/YFaGil0uD21V3dM=
github.com/in-toto/in-toto-golang v0.9.0 h1:tHny7ac4KgtsfrG6ybU8gVOZux2H8jN05AXJ9EBM1XU=
github.com/inconshreveable/mousetrap v1.1.0 h1:wN+x4NVGpMsO7ErUn/mUI3vEoE6Jt13X2s0bqwp9tc8=
github.com/jbenet/go-context v0.0.0-20150711004518-d14ea06fba99 h1:BQSFePA1RWJOlocH6Fxy8MmwDt+yVQYULKfN0RoTN8A=
github.com/jedisct1/go-minisign v0.0.0-20211028175153-1c139d1cc84b h1:ZGiXF8sz7PDk6RgkP+A/SFfUD0ZR/AgG6SpRNEDKZy8=
github.com/jmespath/go-jmespath v0.4.0 h1:BEgLn5cpjn8UN1mAw4NjwDrS35OdebyEtFe+9YPoQUg=
github.com/jmoiron/sqlx v1.3.5 h1:vFFPA71p1o5gAeqtEAwLU4dnX2napprKtHr7PYIcN3g=
github.com/josharian/intern v1.0.0 h1:vlS4z54oSdjm0bgjRigI+G1HpF+tI+9rE5LLzOg8HmY=
github.com/json-iterator/go v1.1.12 h1:PV8peI4a0ysnczrg+LtxykD8LfKY9ML6u2jnxaEnrnM=
github.com/jtolds/gls v4.20.0+incompatible h1:xdiiI2gbIgH/gLH7ADydsJ1uDOEzR8yvV7C0MuV77Wo=
github.com/kballard/go-shellquote v0.0.0-20180428030007-95032a82bc51 h1:Z9n2FFNUXsshfwJMBgNA0RU6/i7WVaAegv3PtuIHPMs=
github.com/kevinburke/ssh_config v1.2.0 h1:x584FjTGwHzMwvHx18PXxbBVzfnxogHaAReU4gf13a4=
github.com/klauspost/compress v1.16.7 h1:2mk3MPGNzKyxErAw8YaohYh69+pa4sIQSC0fPGCFR9I=
github.com/klauspost/pgzip v1.2.6 h1:8RXeL5crjEUFnR2/Sn6GJNWtSQ3Dk8pq4CL3jvdDyjU=
github.com/knqyf263/go-apk-version v0.0.0-20200609155635-041fdbb8563f h1:GvCU5GXhHq+7LeOzx/haG7HSIZokl3/0GkoUFzsRJjg=
github.com/knqyf263/go-deb-version v0.0.0-20230223133812-3ed183d23422 h1:PPPlUUqPP6fLudIK4n0l0VU4KT2cQGnheW9x8pNiCHI=
github.com/knqyf263/go-rpm-version v0.0.0-20220614171824-631e686d1075 h1:aC6MEAs3PE3lWD7lqrJfDxHd6hcced9R4JTZu85cJwU=
github.com/knqyf263/go-rpmdb v0.0.0-20230517124904-b97c85e63254 h1:sWdRcroy0oENkvpa1jH7g8KyN7jBFsooMNlFrAvpI5I=
github.com/knqyf263/nested v0.0.1 h1:Sv26CegUMhjt19zqbBKntjwESdxe5hxVPSk0+AKjdUc=
github.com/kylelemons/godebug v1.1.0 h1:RPNrshWIDI6G2gRW9EHilWtl7Z6Sb1BR0xunSBf0SNc=
github.com/lann/builder v0.0.0-20180802200727-47ae307949d0 h1:SOEGU9fKiNWd/HOJuq6+3iTQz8KNCLtVX6idSoTLdUw=
github.com/lann/ps v0.0.0-20150810152359-62de8c46ede0 h1:P6pPBnrTSX3DEVR4fDembhRWSsG5rVo6hYhAB/ADZrk=
github.com/leodido/go-urn v1.2.4 h1:XlAE/cm/ms7TE/VMVoduSpNBoyc2dOxHs5MZSwAN63Q=
github.com/letsencrypt/boulder v0.0.0-20230213213521-fdfea0d469b6 h1:unJdfS94Y3k85TKy+mvKzjW5R9rIC+Lv4KGbE7uNu0I=
github.com/liamg/iamgo v0.0.9 h1:tADGm3xVotyRJmuKKaH4+zsBn7LOcvgdpuF3WsSKW3c=
github.com/liamg/jfather v0.0.7 h1:Xf78zS263yfT+xr2VSo6+kyAy4ROlCacRqJG7s5jt4k=
github.com/liamg/memoryfs v1.4.3 h1:+ChjcuPRYpjJSulD13PXDNR3JeJ5HUYKjLHyWVK0bqU=
github.com/lib/pq v1.10.9 h1:YXG7RB+JIjhP29X+OtkiDnYaXQwpS4JEWq7dtCCRUEw=
github.com/liggitt/tabwriter v0.0.0-20181228230101-89fcab3d43de h1:9TO3cAIGXtEhnIaL+V+BEER86oLrvS+kWobKpbJuye0=
github.com/lunixbochs/struc v0.0.0-20200707160740-784aaebc1d40 h1:EnfXoSqDfSNJv0VBNqY/88RNnhSGYkrHaO0mmFGbVsc=
github.com/magiconair/properties v1.8.7 h1:IeQXZAiQcpL9mgcAe1Nu6cX9LLw6ExEHKjN0VQdvPDY=
github.com/mailru/easyjson v0.7.7 h1:UGYAvKxe3sBsEDzO8ZeWOSlIQfWFlxbzLZe7hwFURr0=
github.com/masahiro331/go-disk v0.0.0-20220919035250-c8da316f91ac h1:QyRucnGOLHJag1eB9CtuZwZk+/LpvTSYr5mnFLLFlgA=
github.com/masahiro331/go-ebs-file v0.0.0-20230228042409-005c81d4ae43 h1:umYrurEClKuDjU29DKNNPmnWJNt4mnR0fWLOpWsDg0M=
github.com/masahiro331/go-ext4-filesystem v0.0.0-20230612143131-27ccd485b7a1 h1:jQ0px48V+wp35FSimlg9e/bB8XSrBz0SxPLbnYCq6/4=
github.com/masahiro331/go-mvn-version v0.0.0-20210429150710-d3157d602a08 h1:AevUBW4cc99rAF8q8vmddIP8qd/0J5s/UyltGbp66dg=
github.com/masahiro331/go-vmdk-parser v0.0.0-20221225061455-612096e4bbbd h1:Y30EzvuoVp97b0unb/GOFXzBUKRXZXUN2e0wYmvC+ic=
github.com/masahiro331/go-xfs-filesystem v0.0.0-20230608043311-a335f4599b70 h1:X6W6raTo07X0q4pvSI/68Pj/Ic4iIU2CfQU65OH0Zhc=
github.com/mattn/go-colorable v0.1.13 h1:fFA4WZxdEF4tXPZVKMLwD8oUnCTTo08duU7wxecdEvA=
github.com/mattn/go-colorable v0.1.13/go.mod h1:7S9/ev0klgBDR4GtXTXX8a3vIGJpMovkB8vQcUbaXHg=
github.com/mattn/go-isatty v0.0.16/go.mod h1:kYGgaQfpe5nmfYZH+SKPsOc2e4SrIfOl2e/yFXSvRLM=
github.com/mattn/go-isatty v0.0.19 h1:JITubQf0MOLdlGRuRq+jtsDlekdYPia9ZFsB8h/APPA=
github.com/mattn/go-isatty v0.0.19/go.mod h1:W+V8PltTTMOvKvAeJH7IuucS94S2C6jfK/D7dTCTo3Y=
github.com/mattn/go-runewidth v0.0.15 h1:UNAjwbU9l54TA3KzvqLGxwWjHmMgBUVhBiTjelZgg3U=
github.com/mattn/go-sqlite3 v1.14.17 h1:mCRHCLDUBXgpKAqIKsaAaAsrAlbkeomtRFKXh2L6YIM=
github.com/matttproud/golang_protobuf_extensions v1.0.4 h1:mmDVorXM7PCGKw94cs5zkfA9PSy5pEvNWRP0ET0TIVo=
github.com/microsoft/go-rustaudit v0.0.0-20220808201409-204dfee52032 h1:TLygBUBxikNJJfLwgm+Qwdgq1FtfV8Uh7bcxRyTzK8s=
github.com/miekg/pkcs11 v1.1.1 h1:Ugu9pdy6vAYku5DEpVWVFPYnzV+bxB+iRdbuFSu7TvU=
github.com/mitchellh/copystructure v1.2.0 h1:vpKXTN4ewci03Vljg/q9QvCGUDttBOGBIa15WveJJGw=
github.com/mitchellh/go-homedir v1.1.0 h1:lukF9ziXFxDFPkA1vsr5zpc1XuPDn/wFntq5mG+4E0Y=
github.com/mitchellh/go-testing-interface v1.14.1 h1:jrgshOhYAUVNMAJiKbEu7EqAwgJJ2JqpQmpLJOu07cU=
github.com/mitchellh/go-wordwrap v1.0.1 h1:TLuKupo69TCn6TQSyGxwI1EblZZEsQ0vMlAFQflz0v0=
github.com/mitchellh/hashstructure/v2 v2.0.2 h1:vGKWl0YJqUNxE8d+h8f6NJLcCJrgbhC4NcD46KavDd4=
github.com/mitchellh/mapstructure v1.5.0 h1:jeMsZIYE/09sWLaz43PL7Gy6RuMjD2eJVyuac5Z2hdY=
github.com/mitchellh/reflectwalk v1.0.2 h1:G2LzWKi524PWgd3mLHV8Y5k7s6XUvT0Gef6zxSIeXaQ=
github.com/moby/buildkit v0.11.6 h1:VYNdoKk5TVxN7k4RvZgdeM4GOyRvIi4Z8MXOY7xvyUs=
github.com/moby/locker v1.0.1 h1:fOXqR41zeveg4fFODix+1Ch4mj/gT0NE1XJbp/epuBg=
github.com/moby/spdystream v0.2.0 h1:cjW1zVyyoiM0T7b6UoySUFqzXMoqRckQtXwGPiBhOM8=
github.com/moby/sys/mountinfo v0.6.2 h1:BzJjoreD5BMFNmD9Rus6gdd1pLuecOFPt8wC+Vygl78=
github.com/moby/sys/sequential v0.5.0 h1:OPvI35Lzn9K04PBbCLW0g4LcFAJgHsvXsRyewg5lXtc=
github.com/moby/sys/signal v0.7.0 h1:25RW3d5TnQEoKvRbEKUGay6DCQ46IxAVTT9CUMgmsSI=
github.com/moby/term v0.5.0 h1:xt8Q1nalod/v7BqbG21f8mQPqH+xAaC9C3N3wfWbVP0=
github.com/modern-go/concurrent v0.0.0-20180306012644-bacd9c7ef1dd h1:TRLaZ9cD/w8PVh93nsPXa1VrQ6jlwL5oN8l14QlcNfg=
github.com/modern-go/reflect2 v1.0.2 h1:xBagoLtFs94CBntxluKeaWgTMpvLxC4ur3nMaC9Gz0M=
github.com/monochromegane/go-gitignore v0.0.0-20200626010858-205db1a8cc00 h1:n6/2gBQ3RWajuToeY6ZtZTIKv2v7ThUy5KKusIT0yc0=
github.com/morikuni/aec v1.0.0 h1:nP9CBfwrvYnBRgY6qfDQkygYDmYwOilePFkwzv4dU8A=
github.com/munnerz/goautoneg v0.0.0-20191010083416-a7dc8b61c822 h1:C3w9PqII01/Oq1c1nUAm88MOHcQC9l5mIlSMApZMrHA=
github.com/notaryproject/notation-core-go v1.0.0 h1:FgOAihtFW4XU9JYyTzItg1xW3OaN4eCasw5Bp00Ydu4=
github.com/notaryproject/notation-go v1.0.0 h1:pH+0NVmZu1IhE8zUhK9Oxna3OlHNdy+crNntnuCiThs=
github.com/nozzle/throttler v0.0.0-20180817012639-2ea982251481 h1:Up6+btDp321ZG5/zdSLo48H9Iaq0UQGthrhWC6pCxzE=
github.com/oklog/ulid v1.3.1 h1:EGfNDEx6MqHz8B3uNV6QAib1UR2Lm97sHi3ocA6ESJ4=
github.com/olekukonko/tablewriter v0.0.5 h1:P2Ga83D34wi1o9J6Wh1mRuqd4mF/x/lgBS7N7AbDhec=
github.com/open-policy-agent/opa v0.55.0 h1:s7Vm4ph6zDqqP/KzvUSw9fsKVsm9lhbTZhYGxxTK7mo=
github.com/opencontainers/distribution-spec/specs-go v0.0.0-20230117141039-067a0f5b0e25 h1:DpApB9YKcjGF1Lc8FmEAD5Xa1LRhVftJGgpe3+47Vc0=
github.com/opencontainers/distribution-spec/specs-go v0.0.0-20230117141039-067a0f5b0e25/go.mod h1:uLvbyisMXc6uWXBmKrPegq9igec91coS/kGM2sHL660=
github.com/opencontainers/go-digest v1.0.0 h1:apOUWs51W5PlhuyGyz9FCeeBIOUDA/6nW8Oi/yOhh5U=
github.com/opencontainers/go-digest v1.0.0/go.mod h1:0JzlMkj0TRzQZfJkVvzbP0HBR3IKzErnv2BNG4W4MAM=
github.com/opencontainers/image-spec v1.1.0-rc5 h1:Ygwkfw9bpDvs+c9E34SdgGOj41dX/cbdlwvlWt0pnFI=
github.com/opencontainers/image-spec v1.1.0-rc5/go.mod h1:X4pATf0uXsnn3g5aiGIsVnJBR4mxhKzfwmvK/B2NTm8=
github.com/opencontainers/runc v1.1.9 h1:XR0VIHTGce5eWPkaPesqTBrhW2yAcaraWfsEalNwQLM=
github.com/opencontainers/runtime-spec v1.1.0 h1:HHUyrt9mwHUjtasSbXSMvs4cyFxh+Bll4AjJ9odEGpg=
github.com/opencontainers/selinux v1.11.0 h1:+5Zbo97w3Lbmb3PeqQtpmTkMwsW5nRI3YaLpt7tQ7oU=
github.com/opentracing/opentracing-go v1.2.0 h1:uEJPy/1a5RIPAJ0Ov+OIO8OxWu77jEv+1B0VhjKrZUs=
github.com/openvex/go-vex v0.2.5 h1:41utdp2rHgAGCsG+UbjmfMG5CWQxs15nGqir1eRgSrQ=
github.com/oras-project/artifacts-spec v1.0.0-rc.2 h1:9SMCNSxkJEHqWGDiMCuy6TXHgvjgwXGdXZZGXLKQvVE=
github.com/oras-project/artifacts-spec v1.0.0-rc.2/go.mod h1:Xch2aLzSwtkhbFFN6LUzTfLtukYvMMdXJ4oZ8O7BOdc=
github.com/owenrumney/go-sarif/v2 v2.2.0 h1:1DmZaijK0HBZCR1fgcDSGa7VzYkU9NDmbZ7qC2QfUjE=
github.com/owenrumney/squealer v1.1.1 h1:e+fg29IxdNARSc4s7CbYnqVSepm9eOqErLNNNR5XbAs=
github.com/package-url/packageurl-go v0.1.2-0.20230812223828-f8bb31c1f10b h1:mUXbYcE4/ZAh9uto21SUH+FL/RGmD0OGYci9JX66jDc=
github.com/pelletier/go-toml/v2 v2.0.8 h1:0ctb6s9mE31h0/lhu+J6OPmVeDxJn+kYnJc2jZR9tGQ=
github.com/peterbourgon/diskv v2.0.1+incompatible h1:UBdAOUP5p4RWqPBg048CAvpKN+vxiaj6gdUUzhl4XmI=
github.com/phayes/freeport v0.0.0-20220201140144-74d24b5ae9f5 h1:Ii+DKncOVM8Cu1Hc+ETb5K+23HdAMvESYE3ZJ5b5cMI=
github.com/phayes/freeport v0.0.0-20220201140144-74d24b5ae9f5/go.mod h1:iIss55rKnNBTvrwdmkUpLnDpZoAHvWaiq5+iMmen4AE=
github.com/pjbgf/sha1cd v0.3.0 h1:4D5XXmUUBUl/xQ6IjCkEAbqXskkq/4O7LmGn0AqMDs4=
github.com/pkg/browser v0.0.0-20210911075715-681adbf594b8 h1:KoWmjvw+nsYOo29YJK9vDA65RGE3NrOnUtO7a+RF9HU=
github.com/pkg/errors v0.9.1 h1:FEBLx1zS214owpjy7qsBeixbURkuhQAwrK5UwLGTwt4=
github.com/pkg/errors v0.9.1/go.mod h1:bwawxfHBFNV+L2hUp1rHADufV3IMtnDRdf1r5NINEl0=
github.com/pmezard/go-difflib v1.0.0 h1:4DBwDE0NGyQoBHbLQYPwSUPoCMWR5BEzIk/f1lZbAQM=
github.com/pmezard/go-difflib v1.0.0/go.mod h1:iKH77koFhYxTK1pcRnkKkqfTogsbg7gZNVY4sRDYZ/4=
github.com/proglottis/gpgme v0.1.3 h1:Crxx0oz4LKB3QXc5Ea0J19K/3ICfy3ftr5exgUK1AU0=
github.com/prometheus/client_golang v1.17.0 h1:rl2sfwZMtSthVU752MqfjQozy7blglC+1SOtjMAMh+Q=
github.com/prometheus/client_model v0.5.0 h1:VQw1hfvPvk3Uv6Qf29VrPF32JB6rtbgI6cYPYQjL0Qw=
github.com/prometheus/common v0.44.0 h1:+5BrQJwiBB9xsMygAB3TNvpQKOwlkc25LbISbrdOOfY=
github.com/prometheus/procfs v0.11.1 h1:xRC8Iq1yyca5ypa9n1EZnWZkt7dwcoRPQwX/5gwaUuI=
github.com/rcrowley/go-metrics v0.0.0-20201227073835-cf1acfcdf475 h1:N/ElC8H3+5XpJzTSTfLsJV/mx9Q9g7kxmchpfZyxgzM=
github.com/remyoudompheng/bigfft v0.0.0-20230129092748-24d4a6f8daec h1:W09IVJc94icq4NjY3clb7Lk8O1qJ8BdBEF8z0ibU0rE=
github.com/rivo/uniseg v0.4.4 h1:8TfxU8dW6PdqD27gjM8MVNuicgxIjxpm4K7x4jp8sis=
github.com/rs/xid v1.5.0/go.mod h1:trrq9SKmegXys3aeAKXMUTdJsYXVwGY3RLcfgqegfbg=
github.com/rs/zerolog v1.31.0 h1:FcTR3NnLWW+NnTwwhFWiJSZr4ECLpqCm6QsEnyvbV4A=
github.com/rs/zerolog v1.31.0/go.mod h1:/7mN4D5sKwJLZQ2b/znpjC3/GQWY/xaDXUM0kKWRHss=
github.com/rubenv/sql-migrate v1.3.1 h1:Vx+n4Du8X8VTYuXbhNxdEUoh6wiJERA0GlWocR5FrbA=
github.com/russross/blackfriday v1.6.0 h1:KqfZb0pUVN2lYqZUYRddxF4OR8ZMURnJIG5Y3VRLtww=
github.com/russross/blackfriday/v2 v2.1.0 h1:JIOH55/0cWyOuilr9/qlrm0BSXldqnqwMsf35Ld67mk=
github.com/samber/lo v1.38.1 h1:j2XEAqXKb09Am4ebOg31SpvzUTTs6EN3VfgeLUhPdXM=
github.com/saracen/walker v0.1.3 h1:YtcKKmpRPy6XJTHJ75J2QYXXZYWnZNQxPCVqZSHVV/g=
github.com/sassoftware/relic v7.2.1+incompatible h1:Pwyh1F3I0r4clFJXkSI8bOyJINGqpgjJU3DYAZeI05A=
github.com/secure-systems-lab/go-securesystemslib v0.7.0 h1:OwvJ5jQf9LnIAS83waAjPbcMsODrTQUpJ02eNLUoxBg=
github.com/sergi/go-diff v1.3.1 h1:xkr+Oxo4BOQKmkn/B9eMK0g5Kg/983T9DqqPHwYqD+8=
github.com/shibumi/go-pathspec v1.3.0 h1:QUyMZhFo0Md5B8zV8x2tesohbb5kfbpTi9rBnKh5dkI=
github.com/shopspring/decimal v1.3.1 h1:2Usl1nmF/WZucqkFZhnfFYxxxu8LG21F6nPQBE5gKV8=
github.com/sigstore/cosign/v2 v2.2.0 h1:MV/ALD1/e/JgxXXCdCNxlIRk2NB3Irb4MKPozd8SPR8=
github.com/sigstore/fulcio v1.4.0 h1:05+k8BFvwTQzfCkVxESWzCN4b70KIRliGYz0Upmdrs8=
github.com/sigstore/rekor v1.2.2 h1:5JK/zKZvcQpL/jBmHvmFj3YbpDMBQnJQ6ygp8xdF3bY=
github.com/sigstore/sigstore v1.7.3 h1:HVVTfrMezJeLyl2xhJ8edzkrEGBa4KxjQZB4FlQ4JLU=
github.com/sigstore/timestamp-authority v1.1.2 h1:xgBs9Ct27sEgFb35GL1trKD2XOgYbtk0q2G0HLZHDDY=
github.com/sirupsen/logrus v1.9.3 h1:dueUQJ1C2q9oE3F7wvmSGAaVtTmUizReu6fjN8uqzbQ=
github.com/sirupsen/logrus v1.9.3/go.mod h1:naHLuLoDiP4jHNo9R0sCBMtWGeIprob74mVsIT4qYEQ=
github.com/skeema/knownhosts v1.1.1 h1:MTk78x9FPgDFVFkDLTrsnnfCJl7g1C/nnKvePgrIngE=
github.com/smarty/assertions v1.15.0 h1:cR//PqUBUiQRakZWqBiFFQ9wb8emQGDb0HeGdqGByCY=
github.com/smartystreets/goconvey v1.8.1 h1:qGjIddxOk4grTu9JPOU31tVfq3cNdBlNa5sSznIX1xY=
github.com/spdx/tools-golang v0.5.0 h1:/fqihV2Jna7fmow65dHpgKNsilgLK7ICpd2tkCnPEyY=
github.com/spf13/afero v1.9.5 h1:stMpOSZFs//0Lv29HduCmli3GUfpFoF3Y1Q/aXj/wVM=
github.com/spf13/cast v1.5.1 h1:R+kOtfhWQE6TVQzY+4D7wJLBgkdVasCEFxSUBYBYIlA=
github.com/spf13/cobra v1.7.0 h1:hyqWnYt1ZQShIddO5kBpj3vu05/++x6tJ6dg8EC572I=
github.com/spf13/jwalterweatherman v1.1.0 h1:ue6voC5bR5F8YxI5S67j9i582FU4Qvo2bmqnqMYADFk=
github.com/spf13/pflag v1.0.5 h1:iy+VFUOCP1a+8yFto/drg2CJ5u0yRoB7fZw3DKv/JXA=
github.com/spf13/viper v1.16.0 h1:rGGH0XDZhdUOryiDWjmIvUSWpbNqisK8Wk0Vyefw8hc=
github.com/stefanberger/go-pkcs11uri v0.0.0-20201008174630-78d3cae3a980 h1:lIOOHPEbXzO3vnmx2gok1Tfs31Q8GQqKLc8vVqyQq/I=
github.com/stretchr/objx v0.1.0/go.mod h1:HFkY916IF+rwdDfMAkV7OtwuqBVzrE8GR6GFx+wExME=
github.com/stretchr/objx v0.5.0 h1:1zr/of2m5FGMsad5YfcqgdqdWrIhu+EBEJRhR1U7z/c=
github.com/stretchr/testify v1.7.0/go.mod h1:6Fq8oRcR53rry900zMqJjRRixrwX3KX962/h/Wwjteg=
github.com/stretchr/testify v1.8.4 h1:CcVxjf3Q8PM0mHUKJCdn+eZZtm5yQwehR5yeSVQQcUk=
github.com/subosito/gotenv v1.4.2 h1:X1TuBLAMDFbaTAChgCBLu3DU3UPyELpnF2jjJ2cz/S8=
github.com/swaggo/files v0.0.0-20220610200504-28940afbdbfe h1:K8pHPVoTgxFJt1lXuIzzOX7zZhZFldJQK/CgKx9BFIc=
github.com/swaggo/http-swagger v1.3.4 h1:q7t/XLx0n15H1Q9/tk3Y9L4n210XzJF5WtnDX64a5ww=
github.com/swaggo/swag v1.16.2 h1:28Pp+8DkQoV+HLzLx8RGJZXNGKbFqnuvSbAAtoxiY04=
github.com/syndtr/gocapability v0.0.0-20200815063812-42c35b437635 h1:kdXcSzyDtseVEc4yCz2qF8ZrQvIDBJLl4S1c3GCXmoI=
github.com/syndtr/goleveldb v1.0.1-0.20220721030215-126854af5e6d h1:vfofYNRScrDdvS342BElfbETmL1Aiz3i2t0zfRj16Hs=
github.com/tchap/go-patricia/v2 v2.3.1 h1:6rQp39lgIYZ+MHmdEq4xzuk1t7OdC35z/xm0BGhTkes=
github.com/tetratelabs/wazero v1.2.1 h1:J4X2hrGzJvt+wqltuvcSjHQ7ujQxA9gb6PeMs4qlUWs=
github.com/thales-e-security/pool v0.0.2 h1:RAPs4q2EbWsTit6tpzuvTFlgFRJ3S8Evf5gtvVDbmPg=
github.com/theupdateframework/go-tuf v0.6.1 h1:6J89fGjQf7s0mLmTG7p7pO/MbKOg+bIXhaLyQdmbKuE=
github.com/titanous/rocacheck v0.0.0-20171023193734-afe73141d399 h1:e/5i7d4oYZ+C1wj2THlRK+oAhjeS/TRQwMfkIuet3w0=
github.com/transparency-dev/merkle v0.0.2 h1:Q9nBoQcZcgPamMkGn7ghV8XiTZ/kRxn1yCG81+twTK4=
github.com/twitchtv/twirp v8.1.2+incompatible h1:0O6TfzZW09ZP5r+ORA90XQEE3PTgA6C7MBbl2KxvVgE=
github.com/ulikunitz/xz v0.5.11 h1:kpFauv27b6ynzBNT/Xy+1k+fK4WswhN/6PN5WhFAGw8=
github.com/vbatts/tar-split v0.11.5 h1:3bHCTIheBm1qFTcgh9oPu+nNBtX+XJIupG/vacinCts=
github.com/vbauerster/mpb/v8 v8.6.1 h1:XbBpIbJxJOO9yMcKPpI4oEFPW6tLAptefNQJNcGWri8=
github.com/vektah/gqlparser/v2 v2.5.10 h1:6zSM4azXC9u4Nxy5YmdmGu4uKamfwsdKTwp5zsEealU=
github.com/xanzy/go-gitlab v0.90.0 h1:j8ZUHfLfXdnC+B8njeNaW/kM44c1zw8fiuNj7D+qQN8=
github.com/xanzy/ssh-agent v0.3.3 h1:+/15pJfg/RsTxqYcX6fHqOXZwwMP+2VyYWJeWM2qQFM=
github.com/xeipuuv/gojsonpointer v0.0.0-20190905194746-02993c407bfb h1:zGWFAtiMcyryUHoUjUJX0/lt1H2+i2Ka2n+D3DImSNo=
github.com/xeipuuv/gojsonreference v0.0.0-20180127040603-bd5ef7bd5415 h1:EzJWgHovont7NscjpAxXsDA8S8BMYve8Y5+7cuRE7R0=
github.com/xeipuuv/gojsonschema v1.2.0 h1:LhYJRs+L4fBtjZUfuSZIKGeVu0QRy8e5Xi7D17UxZ74=
github.com/xlab/treeprint v1.2.0 h1:HzHnuAF1plUN2zGlAFHbSQP2qJ0ZAD3XF5XD7OesXRQ=
github.com/yashtewari/glob-intersection v0.2.0 h1:8iuHdN88yYuCzCdjt0gDe+6bAhUwBeEWqThExu54RFg=
github.com/zclconf/go-cty v1.13.0 h1:It5dfKTTZHe9aeppbNOda3mN7Ag7sg6QkBNm6TkyFa0=
github.com/zclconf/go-cty-yaml v1.0.3 h1:og/eOQ7lvA/WWhHGFETVWNduJM7Rjsv2RRpx1sdFMLc=
github.com/zitadel/oidc v1.13.4 h1:+k2GKqP9Ld9S2MSFlj+KaNsoZ3J9oy+Ezw51EzSFuC8=
go.etcd.io/bbolt v1.3.7 h1:j+zJOnnEjF/kyHlDDgGnVL/AIqIJPq8UoB2GSNfkUfQ=
go.mongodb.org/mongo-driver v1.11.3 h1:Ql6K6qYHEzB6xvu4+AU0BoRoqf9vFPcc4o7MUIdPW8Y=
go.mozilla.org/pkcs7 v0.0.0-20210826202110-33d05740a352 h1:CCriYyAfq1Br1aIYettdHZTy8mBTIPo7We18TuO/bak=
go.opencensus.io v0.24.0 h1:y73uSU6J157QMP2kn2r30vwW1A2W2WFwSCGnAVxeaD0=
go.opentelemetry.io/otel v1.16.0 h1:Z7GVAX/UkAXPKsy94IU+i6thsQS4nb7LviLpnaNeW8s=
go.opentelemetry.io/otel/metric v1.16.0 h1:RbrpwVG1Hfv85LgnZ7+txXioPDoh6EdbZHo26Q3hqOo=
go.opentelemetry.io/otel/sdk v1.16.0 h1:Z1Ok1YsijYL0CSJpHt4cS3wDDh7p572grzNrBMiMWgE=
go.opentelemetry.io/otel/trace v1.16.0 h1:8JRpaObFoW0pxuVPapkgH8UhHQj+bJW8jJsCZEu5MQs=
go.starlark.net v0.0.0-20230525235612-a134d8f9ddca h1:VdD38733bfYv5tUZwEIskMM93VanwNIi5bIKnDrJdEY=
go.uber.org/multierr v1.11.0 h1:blXXJkSxSSfBVBlC76pxqeO+LN3aDfLQo+309xJstO0=
go.uber.org/zap v1.25.0 h1:4Hvk6GtkucQ790dqmj7l1eEnRdKm3k3ZUrUMS2d5+5c=
golang.org/x/crypto v0.13.0 h1:mvySKfSWJ+UKUii46M40LOvyWfN0s2U+46/jDd0e6Ck=
golang.org/x/crypto v0.13.0/go.mod h1:y6Z2r+Rw4iayiXXAIxJIDAJ1zMW4yaTpebo8fPOliYc=
golang.org/x/exp v0.0.0-20230817173708-d852ddb80c63 h1:m64FZMko/V45gv0bNmrNYoDEq8U5YUhetc9cBWKS1TQ=
golang.org/x/mod v0.12.0 h1:rmsUpXtvNzj340zd98LZ4KntptpfRHwpFOHG188oHXc=
golang.org/x/net v0.0.0-20181220203305-927f97764cc3/go.mod h1:mL1N/T3taQHkDXs73rZJwtUhF3w3ftmwwsq0BUmARs4=
golang.org/x/net v0.15.0 h1:ugBLEUaxABaB5AJqW9enI0ACdci2RUd4eP51NTBvuJ8=
golang.org/x/net v0.15.0/go.mod h1:idbUs1IY1+zTqbi8yxTbhexhEEk5ur9LInksu6HrEpk=
golang.org/x/oauth2 v0.12.0 h1:smVPGxink+n1ZI5pkQa8y6fZT0RW0MgCO5bFpepy4B4=
golang.org/x/sync v0.3.0 h1:ftCYgMx6zT/asHUrPw8BLLscYtGznsLAnjq5RH9P66E=
golang.org/x/sys v0.0.0-20220715151400-c0bba94af5f8/go.mod h1:oPkhp1MJrh7nUepCBck5+mAzfO9JrbApNNgaTdGDITg=
golang.org/x/sys v0.0.0-20220811171246-fbc7d0a398ab/go.mod h1:oPkhp1MJrh7nUepCBck5+mAzfO9JrbApNNgaTdGDITg=
golang.org/x/sys v0.6.0/go.mod h1:oPkhp1MJrh7nUepCBck5+mAzfO9JrbApNNgaTdGDITg=
golang.org/x/sys v0.12.0 h1:CM0HF96J0hcLAwsHPJZjfdNzs0gftsLfgKt57wWHJ0o=
golang.org/x/sys v0.12.0/go.mod h1:oPkhp1MJrh7nUepCBck5+mAzfO9JrbApNNgaTdGDITg=
golang.org/x/term v0.12.0 h1:/ZfYdc3zq+q02Rv9vGqTeSItdzZTSNDmfTi0mBAuidU=
golang.org/x/text v0.13.0 h1:ablQoSUd0tRdKxZewP80B+BaqeKJuVhuRxj/dkrun3k=
golang.org/x/time v0.3.0 h1:rg5rLMjNzMS1RkNLzCG38eapWhnYLFYXDXj2gOlr8j4=
golang.org/x/tools v0.12.1-0.20230815132531-74c255bcf846 h1:Vve/L0v7CXXuxUmaMGIEK/dEeq7uiqb5qBgQrZzIE7E=
golang.org/x/xerrors v0.0.0-20220907171357-04be3eba64a2 h1:H2TDz8ibqkAF6YGhCdN3jS9O0/s90v0rJh3X/OLHEUk=
google.golang.org/api v0.138.0 h1:K/tVp05MxNVbHShRw9m7e9VJGdagNeTdMzqPH7AUqr0=
google.golang.org/appengine v1.6.7 h1:FZR1q0exgwxzPzp/aF+VccGrSfxfPpkBqjIIEq3ru6c=
google.golang.org/genproto v0.0.0-20230803162519-f966b187b2e5 h1:L6iMMGrtzgHsWofoFcihmDEMYeDR9KN/ThbPWGrh++g=
google.golang.org/genproto/googleapis/api v0.0.0-20230803162519-f966b187b2e5 h1:nIgk/EEq3/YlnmVVXVnm14rC2oxgs1o0ong4sD/rd44=
google.golang.org/genproto/googleapis/rpc v0.0.0-20230807174057-1744710a1577 h1:wukfNtZmZUurLN/atp2hiIeTKn7QJWIQdHzqmsOnAOk=
google.golang.org/grpc v1.57.0 h1:kfzNeI/klCGD2YPMUlaGNT3pxvYfga7smW3Vth8Zsiw=
google.golang.org/protobuf v1.31.0 h1:g0LDEJHgrBl9N9r17Ru3sqWhkIx2NB67okBHPwC7hs8=
gopkg.in/check.v1 v0.0.0-20161208181325-20d25e280405/go.mod h1:Co6ibVJAznAaIkqp8huTwlJQCZ016jof/cbN4VW5Yz0=
gopkg.in/cheggaaa/pb.v1 v1.0.28 h1:n1tBJnnK2r7g9OW2btFH91V92STTUevLXYFb8gy9EMk=
gopkg.in/go-jose/go-jose.v2 v2.6.1 h1:qEzJlIDmG9q5VO0M/o8tGS65QMHMS1w01TQJB1VPJ4U=
gopkg.in/inf.v0 v0.9.1 h1:73M5CoZyi3ZLMOyDlQh031Cx6N9NDJ2Vvfl76EDAgDc=
gopkg.in/ini.v1 v1.67.0 h1:Dgnx+6+nfE+IfzjUEISNeydPJh9AXNNsWbGP9KzCsOA=
gopkg.in/resty.v1 v1.12.0 h1:CuXP0Pjfw9rOuY6EP+UvtNvt5DSqHpIxILZKT/quCZI=
gopkg.in/resty.v1 v1.12.0/go.mod h1:mDo4pnntr5jdWRML875a/NmxYqAlA73dVijT2AXvQQo=
gopkg.in/square/go-jose.v2 v2.6.0 h1:NGk74WTnPKBNUhNzQX7PYcTLUjoq7mzKk2OKbvwk2iI=
gopkg.in/warnings.v0 v0.1.2 h1:wFXVbFY8DY5/xOe1ECiWdKCzZlxgshcYVNkBHstARME=
gopkg.in/yaml.v2 v2.4.0 h1:D8xgwECY7CYvx+Y2n4sBz93Jn9JRvxdiyyo8CTfuKaY=
gopkg.in/yaml.v3 v3.0.0-20200313102051-9f266ea9e77c/go.mod h1:K4uyk7z7BCEPqu6E+C64Yfv1cQ7kz7rIZviUmN+EgEM=
gopkg.in/yaml.v3 v3.0.1 h1:fxVm/GzAzEWqLHuvctI91KS9hhNmmWOoWu0XTYJS7CA=
helm.sh/helm/v3 v3.12.3 h1:5y1+Sbty12t48T/t/CGNYUIME5BJ0WKfmW/sobYqkFg=
k8s.io/api v0.28.1 h1:i+0O8k2NPBCPYaMB+uCkseEbawEt/eFaiRqUx8aB108=
k8s.io/apiextensions-apiserver v0.27.3 h1:xAwC1iYabi+TDfpRhxh4Eapl14Hs2OftM2DN5MpgKX4=
k8s.io/apimachinery v0.28.1 h1:EJD40og3GizBSV3mkIoXQBsws32okPOy+MkRyzh6nPY=
k8s.io/apiserver v0.27.3 h1:AxLvq9JYtveYWK+D/Dz/uoPCfz8JC9asR5z7+I/bbQ4=
k8s.io/cli-runtime v0.28.1 h1:7Njc4eD5kaO4tYdSYVJJEs54koYD/vT6gxOq8dEVf9g=
k8s.io/client-go v0.28.1 h1:pRhMzB8HyLfVwpngWKE8hDcXRqifh1ga2Z/PU9SXVK8=
k8s.io/component-base v0.28.1 h1:LA4AujMlK2mr0tZbQDZkjWbdhTV5bRyEyAFe0TJxlWg=
k8s.io/klog/v2 v2.100.1 h1:7WCHKK6K8fNhTqfBhISHQ97KrnJNFZMcQvKp7gP/tmg=
k8s.io/kube-openapi v0.0.0-20230717233707-2695361300d9 h1:LyMgNKD2P8Wn1iAwQU5OhxCKlKJy0sHc+PcDwFB24dQ=
k8s.io/kubectl v0.28.1 h1:jAq4yKEqQL+fwkWcEsUWxhJ7uIRcOYQraJxx4SyAMTY=
k8s.io/utils v0.0.0-20230505201702-9f6742963106 h1:EObNQ3TW2D+WptiYXlApGNLVy0zm/JIBVY9i+M4wpAU=
lukechampine.com/uint128 v1.2.0 h1:mBi/5l91vocEN8otkC5bDLhi2KdCticRiwbdB0O+rjI=
modernc.org/cc/v3 v3.40.0 h1:P3g79IUS/93SYhtoeaHW+kRCIrYaxJ27MFPv+7kaTOw=
modernc.org/ccgo/v3 v3.16.13 h1:Mkgdzl46i5F/CNR/Kj80Ri59hC8TKAhZrYSaqvkwzUw=
modernc.org/libc v1.24.1 h1:uvJSeCKL/AgzBo2yYIPPTy82v21KgGnizcGYfBHaNuM=
modernc.org/mathutil v1.5.0 h1:rV0Ko/6SfM+8G+yKiyI830l3Wuz1zRutdslNoQ0kfiQ=
modernc.org/memory v1.6.0 h1:i6mzavxrE9a30whzMfwf7XWVODx2r5OYXvU46cirX7o=
modernc.org/opt v0.1.3 h1:3XOZf2yznlhC+ibLltsDGzABUGVx8J6pnFMS3E4dcq4=
modernc.org/sqlite v1.26.0 h1:SocQdLRSYlA8W99V8YH0NES75thx19d9sB/aFc4R8Lw=
modernc.org/strutil v1.1.3 h1:fNMm+oJklMGYfU9Ylcywl0CO5O6nTfaowNsh2wpPjzY=
modernc.org/token v1.0.1 h1:A3qvTqOwexpfZZeyI0FeGPDlSWX5pjZu9hF4lU+EKWg=
oras.land/oras-go v1.2.4-0.20230829103011-4d0bf161925b h1:l686f99tTmPu2ivMXCQeEup0BRgl+JH9IPNEbqAude0=
oras.land/oras-go/v2 v2.3.0 h1:lqX1aXdN+DAmDTKjiDyvq85cIaI4RkIKp/PghWlAGIU=
sigs.k8s.io/json v0.0.0-20221116044647-bc3834ca7abd h1:EDPBXCAspyGV4jQlpZSudPeMmr1bNJefnuqLsRAsHZo=
sigs.k8s.io/kustomize/api v0.13.5-0.20230601165947-6ce0bf390ce3 h1:XX3Ajgzov2RKUdc5jW3t5jwY7Bo7dcRm+tFxT+NfgY0=
sigs.k8s.io/kustomize/kyaml v0.14.3-0.20230601165947-6ce0bf390ce3 h1:W6cLQc5pnqM7vh3b7HvGNfXrJ/xL6BDMS0v1V/HHg5U=
sigs.k8s.io/structured-merge-diff/v4 v4.2.3 h1:PRbqxJClWWYMNV1dhaG4NsibJbArud9kFxnAMREiWFE=
sigs.k8s.io/yaml v1.3.0 h1:a2VclLzOGrwOHDiV8EfBGhvjHvP46CtW5j6POvhYGGo=
zotregistry.io/zot v1.4.4-0.20231005113450-044ea8527956 h1:XzwQG425y68MsODy0UZMTBBOzVYZgCpyqXb1Om9Zdxw=
zotregistry.io/zot v1.4.4-0.20231005113450-044ea8527956/go.mod h1:gk5HTxBTHRDs7Oj1v3TiCmKmiKPe3/S0kxTd7NV6V3Y=
